
Microsoft Visual Studio Solution File, Format Version 12.00
# Visual Studio Version 17
VisualStudioVersion = 17.6.33829.357
MinimumVisualStudioVersion = 10.0.40219.1
Project("{9A19103F-16F7-4668-BE54-9A1E7A4F7556}") = "LabyrinthApp", "LabyrinthApp\LabyrinthApp.csproj", "{B8F112EB-20C1-4BC4-80CE-034DC13EFAE9}"
EndProject
Project("{FAE04EC0-301F-11D3-BF4B-00C04F79EFBC}") = "LabyrinthCore", "LabyrinthCore\LabyrinthCore.csproj", "{40A72D14-B5A9-4438-B1A7-2ED08C9B258C}"
EndProject
Project("{FAE04EC0-301F-11D3-BF4B-00C04F79EFBC}") = "Visualisation", "Visualisation\Visualisation.csproj", "{4B0C3D7A-0EC0-476C-BD94-51089B0634DA}"
EndProject
Global
	GlobalSection(SolutionConfigurationPlatforms) = preSolution
		Debug|Any CPU = Debug|Any CPU
		Release|Any CPU = Release|Any CPU
	EndGlobalSection
	GlobalSection(ProjectConfigurationPlatforms) = postSolution
		{B8F112EB-20C1-4BC4-80CE-034DC13EFAE9}.Debug|Any CPU.ActiveCfg = Debug|Any CPU
		{B8F112EB-20C1-4BC4-80CE-034DC13EFAE9}.Debug|Any CPU.Build.0 = Debug|Any CPU
		{B8F112EB-20C1-4BC4-80CE-034DC13EFAE9}.Release|Any CPU.ActiveCfg = Release|Any CPU
		{B8F112EB-20C1-4BC4-80CE-034DC13EFAE9}.Release|Any CPU.Build.0 = Release|Any CPU
		{40A72D14-B5A9-4438-B1A7-2ED08C9B258C}.Debug|Any CPU.ActiveCfg = Debug|Any CPU
		{40A72D14-B5A9-4438-B1A7-2ED08C9B258C}.Debug|Any CPU.Build.0 = Debug|Any CPU
		{40A72D14-B5A9-4438-B1A7-2ED08C9B258C}.Release|Any CPU.ActiveCfg = Release|Any CPU
		{40A72D14-B5A9-4438-B1A7-2ED08C9B258C}.Release|Any CPU.Build.0 = Release|Any CPU
		{4B0C3D7A-0EC0-476C-BD94-51089B0634DA}.Debug|Any CPU.ActiveCfg = Debug|Any CPU
		{4B0C3D7A-0EC0-476C-BD94-51089B0634DA}.Debug|Any CPU.Build.0 = Debug|Any CPU
		{4B0C3D7A-0EC0-476C-BD94-51089B0634DA}.Release|Any CPU.ActiveCfg = Release|Any CPU
		{4B0C3D7A-0EC0-476C-BD94-51089B0634DA}.Release|Any CPU.Build.0 = Release|Any CPU
	EndGlobalSection
	GlobalSection(SolutionProperties) = preSolution
		HideSolutionNode = FALSE
	EndGlobalSection
	GlobalSection(ExtensibilityGlobals) = postSolution
		SolutionGuid = {ECD7B7F8-F8AC-42E4-95C4-1CEDF19BA336}
	EndGlobalSection
EndGlobal
